
Microsoft Visual Studio Solution File, Format Version 12.00
# Visual Studio Version 17
VisualStudioVersion = 17.8.34330.188
MinimumVisualStudioVersion = 10.0.40219.1
Project("{FAE04EC0-301F-11D3-BF4B-00C04F79EFBC}") = "2200_WozniakD_Participation01", "2200_WozniakD_Participation01\2200_WozniakD_Participation01.csproj", "{7B013B62-75A7-4226-900B-E283E283046A}"
EndProject
Global
	GlobalSection(SolutionConfigurationPlatforms) = preSolution
		Debug|Any CPU = Debug|Any CPU
		Release|Any CPU = Release|Any CPU
	EndGlobalSection
	GlobalSection(ProjectConfigurationPlatforms) = postSolution
		{7B013B62-75A7-4226-900B-E283E283046A}.Debug|Any CPU.ActiveCfg = Debug|Any CPU
		{7B013B62-75A7-4226-900B-E283E283046A}.Debug|Any CPU.Build.0 = Debug|Any CPU
		{7B013B62-75A7-4226-900B-E283E283046A}.Release|Any CPU.ActiveCfg = Release|Any CPU
		{7B013B62-75A7-4226-900B-E283E283046A}.Release|Any CPU.Build.0 = Release|Any CPU
	EndGlobalSection
	GlobalSection(SolutionProperties) = preSolution
		HideSolutionNode = FALSE
	EndGlobalSection
	GlobalSection(ExtensibilityGlobals) = postSolution
		SolutionGuid = {687E5BAF-F661-4F42-BF73-A7858A9A0373}
	EndGlobalSection
EndGlobal
