
Microsoft Visual Studio Solution File, Format Version 12.00
# Visual Studio Version 17
VisualStudioVersion = 17.8.34330.188
MinimumVisualStudioVersion = 10.0.40219.1
Project("{FAE04EC0-301F-11D3-BF4B-00C04F79EFBC}") = "ClientApplication", "ClientApplication\ClientApplication.csproj", "{29F2D0C2-B0B2-4226-925B-55BAF44D1FBB}"
EndProject
Project("{FAE04EC0-301F-11D3-BF4B-00C04F79EFBC}") = "ServerApplication", "ServerApplication\ServerApplication.csproj", "{65ADD0DC-8AD0-47B7-A7A8-0640D6299E00}"
EndProject
Global
	GlobalSection(SolutionConfigurationPlatforms) = preSolution
		Debug|Any CPU = Debug|Any CPU
		Release|Any CPU = Release|Any CPU
	EndGlobalSection
	GlobalSection(ProjectConfigurationPlatforms) = postSolution
		{29F2D0C2-B0B2-4226-925B-55BAF44D1FBB}.Debug|Any CPU.ActiveCfg = Debug|Any CPU
		{29F2D0C2-B0B2-4226-925B-55BAF44D1FBB}.Debug|Any CPU.Build.0 = Debug|Any CPU
		{29F2D0C2-B0B2-4226-925B-55BAF44D1FBB}.Release|Any CPU.ActiveCfg = Release|Any CPU
		{29F2D0C2-B0B2-4226-925B-55BAF44D1FBB}.Release|Any CPU.Build.0 = Release|Any CPU
		{65ADD0DC-8AD0-47B7-A7A8-0640D6299E00}.Debug|Any CPU.ActiveCfg = Debug|Any CPU
		{65ADD0DC-8AD0-47B7-A7A8-0640D6299E00}.Debug|Any CPU.Build.0 = Debug|Any CPU
		{65ADD0DC-8AD0-47B7-A7A8-0640D6299E00}.Release|Any CPU.ActiveCfg = Release|Any CPU
		{65ADD0DC-8AD0-47B7-A7A8-0640D6299E00}.Release|Any CPU.Build.0 = Release|Any CPU
	EndGlobalSection
	GlobalSection(SolutionProperties) = preSolution
		HideSolutionNode = FALSE
	EndGlobalSection
	GlobalSection(ExtensibilityGlobals) = postSolution
		SolutionGuid = {51DA0A57-1CA3-4812-B5F8-E6611D1677EF}
	EndGlobalSection
EndGlobal
