
Microsoft Visual Studio Solution File, Format Version 12.00
# Visual Studio Version 17
VisualStudioVersion = 17.4.33213.308
MinimumVisualStudioVersion = 10.0.40219.1
Project("{FAE04EC0-301F-11D3-BF4B-00C04F79EFBC}") = "DelaneyWebApp", "DelaneyWebApp.csproj", "{D317B977-CBA5-4854-B8DA-3E21E6685AC5}"
EndProject
Global
	GlobalSection(SolutionConfigurationPlatforms) = preSolution
		Debug|Any CPU = Debug|Any CPU
		Release|Any CPU = Release|Any CPU
	EndGlobalSection
	GlobalSection(ProjectConfigurationPlatforms) = postSolution
		{D317B977-CBA5-4854-B8DA-3E21E6685AC5}.Debug|Any CPU.ActiveCfg = Debug|Any CPU
		{D317B977-CBA5-4854-B8DA-3E21E6685AC5}.Debug|Any CPU.Build.0 = Debug|Any CPU
		{D317B977-CBA5-4854-B8DA-3E21E6685AC5}.Release|Any CPU.ActiveCfg = Release|Any CPU
		{D317B977-CBA5-4854-B8DA-3E21E6685AC5}.Release|Any CPU.Build.0 = Release|Any CPU
	EndGlobalSection
	GlobalSection(SolutionProperties) = preSolution
		HideSolutionNode = FALSE
	EndGlobalSection
	GlobalSection(ExtensibilityGlobals) = postSolution
		SolutionGuid = {E0FDD18F-B406-4912-8ACA-22A8F7747BE1}
	EndGlobalSection
EndGlobal
