
Microsoft Visual Studio Solution File, Format Version 12.00
# Visual Studio Version 17
VisualStudioVersion = 17.8.34330.188
MinimumVisualStudioVersion = 10.0.40219.1
Project("{FAE04EC0-301F-11D3-BF4B-00C04F79EFBC}") = "2200_WozniakD_Project01", "2200_WozniakD_Project01\2200_WozniakD_Project01.csproj", "{042256B7-38F9-4156-9D11-F1E13BF039B0}"
EndProject
Global
	GlobalSection(SolutionConfigurationPlatforms) = preSolution
		Debug|Any CPU = Debug|Any CPU
		Release|Any CPU = Release|Any CPU
	EndGlobalSection
	GlobalSection(ProjectConfigurationPlatforms) = postSolution
		{042256B7-38F9-4156-9D11-F1E13BF039B0}.Debug|Any CPU.ActiveCfg = Debug|Any CPU
		{042256B7-38F9-4156-9D11-F1E13BF039B0}.Debug|Any CPU.Build.0 = Debug|Any CPU
		{042256B7-38F9-4156-9D11-F1E13BF039B0}.Release|Any CPU.ActiveCfg = Release|Any CPU
		{042256B7-38F9-4156-9D11-F1E13BF039B0}.Release|Any CPU.Build.0 = Release|Any CPU
	EndGlobalSection
	GlobalSection(SolutionProperties) = preSolution
		HideSolutionNode = FALSE
	EndGlobalSection
	GlobalSection(ExtensibilityGlobals) = postSolution
		SolutionGuid = {B1A3910A-27CA-4D12-B4DD-DC876410618F}
	EndGlobalSection
EndGlobal
